
Microsoft Visual Studio Solution File, Format Version 12.00
# Visual Studio Version 16
VisualStudioVersion = 16.0.31005.135
MinimumVisualStudioVersion = 10.0.40219.1
Project("{FAE04EC0-301F-11D3-BF4B-00C04F79EFBC}") = "Summator", "Summator\Summator.csproj", "{3CD4E598-4D95-4922-AD69-AB201F79EAF1}"
EndProject
Project("{FAE04EC0-301F-11D3-BF4B-00C04F79EFBC}") = "Summator.Test", "Summator.Test\Summator.Test.csproj", "{22B50A0D-5966-4356-9548-BEBE1CE1826A}"
EndProject
Global
	GlobalSection(SolutionConfigurationPlatforms) = preSolution
		Debug|Any CPU = Debug|Any CPU
		Release|Any CPU = Release|Any CPU
	EndGlobalSection
	GlobalSection(ProjectConfigurationPlatforms) = postSolution
		{3CD4E598-4D95-4922-AD69-AB201F79EAF1}.Debug|Any CPU.ActiveCfg = Debug|Any CPU
		{3CD4E598-4D95-4922-AD69-AB201F79EAF1}.Debug|Any CPU.Build.0 = Debug|Any CPU
		{3CD4E598-4D95-4922-AD69-AB201F79EAF1}.Release|Any CPU.ActiveCfg = Release|Any CPU
		{3CD4E598-4D95-4922-AD69-AB201F79EAF1}.Release|Any CPU.Build.0 = Release|Any CPU
		{22B50A0D-5966-4356-9548-BEBE1CE1826A}.Debug|Any CPU.ActiveCfg = Debug|Any CPU
		{22B50A0D-5966-4356-9548-BEBE1CE1826A}.Debug|Any CPU.Build.0 = Debug|Any CPU
		{22B50A0D-5966-4356-9548-BEBE1CE1826A}.Release|Any CPU.ActiveCfg = Release|Any CPU
		{22B50A0D-5966-4356-9548-BEBE1CE1826A}.Release|Any CPU.Build.0 = Release|Any CPU
	EndGlobalSection
	GlobalSection(SolutionProperties) = preSolution
		HideSolutionNode = FALSE
	EndGlobalSection
	GlobalSection(ExtensibilityGlobals) = postSolution
		SolutionGuid = {621A0942-451F-4CCA-AF02-7BC45EE6515B}
	EndGlobalSection
EndGlobal
